{
  "name": "dhcp-sniff",
  "version": "1.0.0",
  "lockfileVersion": 1,
  "requires": true,
  "dependencies": {
    "dhcp": {
      "version": "0.2.19",
      "resolved": "https://registry.npmjs.org/dhcp/-/dhcp-0.2.19.tgz",
      "integrity": "sha512-RQhzFYjO955zR6YUqP2NbaE6owt9sq33ACWydyKS0v7Tec71Gf2+ewNLyE91UqCtw3wmQhTAYDsWdrqzsxVNig==",
      "requires": {
        "minimist": "*"
      }
    },
    "minimist": {
      "version": "1.2.5",
      "resolved": "https://registry.npmjs.org/minimist/-/minimist-1.2.5.tgz",
      "integrity": "sha512-FM9nNUYrRBAELZQT3xeZQ7fmMOBg6nWNmJKTcgsJeaLstP/UODVpGsr5OhXhhXg6f+qtJ8uiZ+PUxkDWcgIXLw=="
    },
    "one-time": {
      "version": "0.0.4",
      "resolved": "https://registry.npmjs.org/one-time/-/one-time-0.0.4.tgz",
      "integrity": "sha1-+M33eISCb+Tf+T46nMN7HkSAdC4="
    },
    "say": {
      "version": "0.16.0",
      "resolved": "https://registry.npmjs.org/say/-/say-0.16.0.tgz",
      "integrity": "sha512-yEfncNu3I6lcZ6RIrXgE9DqbrEmvV5uQQ8ReM14u/DodlvJYpveqNphO55RLMSj77b06ZKNif/FLmhzQxcuUXg==",
      "requires": {
        "one-time": "0.0.4"
      }
    }
  }
}
